
Microsoft Visual Studio Solution File, Format Version 12.00
# Visual Studio Version 16
VisualStudioVersion = 16.0.29418.71
MinimumVisualStudioVersion = 10.0.40219.1
Project("{FAE04EC0-301F-11D3-BF4B-00C04F79EFBC}") = "JobPostsManagement.API", "JobPostsManagement.API\JobPostsManagement.API.csproj", "{D10EAB6A-AEF5-474E-A988-5D9C99AD5BC7}"
EndProject
Project("{FAE04EC0-301F-11D3-BF4B-00C04F79EFBC}") = "JobPostsManagement.API.Models", "JobPostsManagement.API.Models\JobPostsManagement.API.Models.csproj", "{CC284F74-EA50-4C8A-9D33-8469A9189039}"
EndProject
Global
	GlobalSection(SolutionConfigurationPlatforms) = preSolution
		Debug|Any CPU = Debug|Any CPU
		Release|Any CPU = Release|Any CPU
	EndGlobalSection
	GlobalSection(ProjectConfigurationPlatforms) = postSolution
		{D10EAB6A-AEF5-474E-A988-5D9C99AD5BC7}.Debug|Any CPU.ActiveCfg = Debug|Any CPU
		{D10EAB6A-AEF5-474E-A988-5D9C99AD5BC7}.Debug|Any CPU.Build.0 = Debug|Any CPU
		{D10EAB6A-AEF5-474E-A988-5D9C99AD5BC7}.Release|Any CPU.ActiveCfg = Release|Any CPU
		{D10EAB6A-AEF5-474E-A988-5D9C99AD5BC7}.Release|Any CPU.Build.0 = Release|Any CPU
		{CC284F74-EA50-4C8A-9D33-8469A9189039}.Debug|Any CPU.ActiveCfg = Debug|Any CPU
		{CC284F74-EA50-4C8A-9D33-8469A9189039}.Debug|Any CPU.Build.0 = Debug|Any CPU
		{CC284F74-EA50-4C8A-9D33-8469A9189039}.Release|Any CPU.ActiveCfg = Release|Any CPU
		{CC284F74-EA50-4C8A-9D33-8469A9189039}.Release|Any CPU.Build.0 = Release|Any CPU
	EndGlobalSection
	GlobalSection(SolutionProperties) = preSolution
		HideSolutionNode = FALSE
	EndGlobalSection
	GlobalSection(ExtensibilityGlobals) = postSolution
		SolutionGuid = {34D647B7-647D-4B40-A200-DFAE24B8A3BD}
	EndGlobalSection
EndGlobal
